
Microsoft Visual Studio Solution File, Format Version 12.00
# Visual Studio Version 17
VisualStudioVersion = 17.2.32505.173
MinimumVisualStudioVersion = 10.0.40219.1
Project("{FAE04EC0-301F-11D3-BF4B-00C04F79EFBC}") = "dothoitiet", "dothoitiet\dothoitiet.csproj", "{F5362A5A-F05C-4C25-A914-529EF1078755}"
EndProject
Global
	GlobalSection(SolutionConfigurationPlatforms) = preSolution
		Debug|Any CPU = Debug|Any CPU
		Release|Any CPU = Release|Any CPU
	EndGlobalSection
	GlobalSection(ProjectConfigurationPlatforms) = postSolution
		{F5362A5A-F05C-4C25-A914-529EF1078755}.Debug|Any CPU.ActiveCfg = Debug|Any CPU
		{F5362A5A-F05C-4C25-A914-529EF1078755}.Debug|Any CPU.Build.0 = Debug|Any CPU
		{F5362A5A-F05C-4C25-A914-529EF1078755}.Release|Any CPU.ActiveCfg = Release|Any CPU
		{F5362A5A-F05C-4C25-A914-529EF1078755}.Release|Any CPU.Build.0 = Release|Any CPU
	EndGlobalSection
	GlobalSection(SolutionProperties) = preSolution
		HideSolutionNode = FALSE
	EndGlobalSection
	GlobalSection(ExtensibilityGlobals) = postSolution
		SolutionGuid = {11D23260-37D4-4504-A770-3EBB0936078A}
	EndGlobalSection
EndGlobal
